
Microsoft Visual Studio Solution File, Format Version 12.00
Project("{FAE04EC0-301F-11D3-BF4B-00C04F79EFBC}") = "AirportService", "AirportService\AirportService.csproj", "{91E007D0-3BA6-4BBE-8584-F488A8A757EC}"
EndProject
Project("{FAE04EC0-301F-11D3-BF4B-00C04F79EFBC}") = "AirportClient", "AirportClient\AirportClient.csproj", "{693F5732-523D-4924-A135-B0BE943DCF15}"
EndProject
Project("{FAE04EC0-301F-11D3-BF4B-00C04F79EFBC}") = "AirportCommons", "AirportCommons\AirportCommons.csproj", "{A36BB51A-1485-4186-87A4-B86035A3293C}"
EndProject
Global
	GlobalSection(SolutionConfigurationPlatforms) = preSolution
		Debug|Any CPU = Debug|Any CPU
		Release|Any CPU = Release|Any CPU
	EndGlobalSection
	GlobalSection(ProjectConfigurationPlatforms) = postSolution
		{91E007D0-3BA6-4BBE-8584-F488A8A757EC}.Debug|Any CPU.ActiveCfg = Debug|Any CPU
		{91E007D0-3BA6-4BBE-8584-F488A8A757EC}.Debug|Any CPU.Build.0 = Debug|Any CPU
		{91E007D0-3BA6-4BBE-8584-F488A8A757EC}.Release|Any CPU.ActiveCfg = Release|Any CPU
		{91E007D0-3BA6-4BBE-8584-F488A8A757EC}.Release|Any CPU.Build.0 = Release|Any CPU
		{693F5732-523D-4924-A135-B0BE943DCF15}.Debug|Any CPU.ActiveCfg = Debug|Any CPU
		{693F5732-523D-4924-A135-B0BE943DCF15}.Debug|Any CPU.Build.0 = Debug|Any CPU
		{693F5732-523D-4924-A135-B0BE943DCF15}.Release|Any CPU.ActiveCfg = Release|Any CPU
		{693F5732-523D-4924-A135-B0BE943DCF15}.Release|Any CPU.Build.0 = Release|Any CPU
		{A36BB51A-1485-4186-87A4-B86035A3293C}.Debug|Any CPU.ActiveCfg = Debug|Any CPU
		{A36BB51A-1485-4186-87A4-B86035A3293C}.Debug|Any CPU.Build.0 = Debug|Any CPU
		{A36BB51A-1485-4186-87A4-B86035A3293C}.Release|Any CPU.ActiveCfg = Release|Any CPU
		{A36BB51A-1485-4186-87A4-B86035A3293C}.Release|Any CPU.Build.0 = Release|Any CPU
	EndGlobalSection
EndGlobal
